
Microsoft Visual Studio Solution File, Format Version 12.00
# Visual Studio Version 17
VisualStudioVersion = 17.0.31903.59
MinimumVisualStudioVersion = 10.0.40219.1
Project("{2150E333-8FDC-42A3-9474-1A3956D46DE8}") = "src", "src", "{827E0CD3-B72D-47B6-A68D-7590B98EB39B}"
EndProject
Project("{FAE04EC0-301F-11D3-BF4B-00C04F79EFBC}") = "Wiry.Tui", "src\Wiry.Tui\Wiry.Tui.csproj", "{BC969CC0-822B-430A-9DCC-3E8BCF2AEE65}"
EndProject
Project("{2150E333-8FDC-42A3-9474-1A3956D46DE8}") = "tests", "tests", "{0AB3BF05-4346-4AA6-1389-037BE0695223}"
EndProject
Project("{FAE04EC0-301F-11D3-BF4B-00C04F79EFBC}") = "Wiry.Tui.Tests", "tests\Wiry.Tui.Tests\Wiry.Tui.Tests.csproj", "{D9780FC8-7106-473D-9F4B-67776EF61177}"
EndProject
Project("{2150E333-8FDC-42A3-9474-1A3956D46DE8}") = "samples", "samples", "{5D20AA90-6969-D8BD-9DCD-8634F4692FDA}"
EndProject
Project("{FAE04EC0-301F-11D3-BF4B-00C04F79EFBC}") = "Wiry.Tui.Samples.BasicUsage", "samples\Wiry.Tui.Samples.BasicUsage\Wiry.Tui.Samples.BasicUsage.csproj", "{0654838D-8339-45D1-9EF0-676138ABD4C1}"
EndProject
Global
	GlobalSection(SolutionConfigurationPlatforms) = preSolution
		Debug|Any CPU = Debug|Any CPU
		Debug|x64 = Debug|x64
		Debug|x86 = Debug|x86
		Release|Any CPU = Release|Any CPU
		Release|x64 = Release|x64
		Release|x86 = Release|x86
	EndGlobalSection
	GlobalSection(ProjectConfigurationPlatforms) = postSolution
		{BC969CC0-822B-430A-9DCC-3E8BCF2AEE65}.Debug|Any CPU.ActiveCfg = Debug|Any CPU
		{BC969CC0-822B-430A-9DCC-3E8BCF2AEE65}.Debug|Any CPU.Build.0 = Debug|Any CPU
		{BC969CC0-822B-430A-9DCC-3E8BCF2AEE65}.Debug|x64.ActiveCfg = Debug|Any CPU
		{BC969CC0-822B-430A-9DCC-3E8BCF2AEE65}.Debug|x64.Build.0 = Debug|Any CPU
		{BC969CC0-822B-430A-9DCC-3E8BCF2AEE65}.Debug|x86.ActiveCfg = Debug|Any CPU
		{BC969CC0-822B-430A-9DCC-3E8BCF2AEE65}.Debug|x86.Build.0 = Debug|Any CPU
		{BC969CC0-822B-430A-9DCC-3E8BCF2AEE65}.Release|Any CPU.ActiveCfg = Release|Any CPU
		{BC969CC0-822B-430A-9DCC-3E8BCF2AEE65}.Release|Any CPU.Build.0 = Release|Any CPU
		{BC969CC0-822B-430A-9DCC-3E8BCF2AEE65}.Release|x64.ActiveCfg = Release|Any CPU
		{BC969CC0-822B-430A-9DCC-3E8BCF2AEE65}.Release|x64.Build.0 = Release|Any CPU
		{BC969CC0-822B-430A-9DCC-3E8BCF2AEE65}.Release|x86.ActiveCfg = Release|Any CPU
		{BC969CC0-822B-430A-9DCC-3E8BCF2AEE65}.Release|x86.Build.0 = Release|Any CPU
		{D9780FC8-7106-473D-9F4B-67776EF61177}.Debug|Any CPU.ActiveCfg = Debug|Any CPU
		{D9780FC8-7106-473D-9F4B-67776EF61177}.Debug|Any CPU.Build.0 = Debug|Any CPU
		{D9780FC8-7106-473D-9F4B-67776EF61177}.Debug|x64.ActiveCfg = Debug|Any CPU
		{D9780FC8-7106-473D-9F4B-67776EF61177}.Debug|x64.Build.0 = Debug|Any CPU
		{D9780FC8-7106-473D-9F4B-67776EF61177}.Debug|x86.ActiveCfg = Debug|Any CPU
		{D9780FC8-7106-473D-9F4B-67776EF61177}.Debug|x86.Build.0 = Debug|Any CPU
		{D9780FC8-7106-473D-9F4B-67776EF61177}.Release|Any CPU.ActiveCfg = Release|Any CPU
		{D9780FC8-7106-473D-9F4B-67776EF61177}.Release|Any CPU.Build.0 = Release|Any CPU
		{D9780FC8-7106-473D-9F4B-67776EF61177}.Release|x64.ActiveCfg = Release|Any CPU
		{D9780FC8-7106-473D-9F4B-67776EF61177}.Release|x64.Build.0 = Release|Any CPU
		{D9780FC8-7106-473D-9F4B-67776EF61177}.Release|x86.ActiveCfg = Release|Any CPU
		{D9780FC8-7106-473D-9F4B-67776EF61177}.Release|x86.Build.0 = Release|Any CPU
		{0654838D-8339-45D1-9EF0-676138ABD4C1}.Debug|Any CPU.ActiveCfg = Debug|Any CPU
		{0654838D-8339-45D1-9EF0-676138ABD4C1}.Debug|Any CPU.Build.0 = Debug|Any CPU
		{0654838D-8339-45D1-9EF0-676138ABD4C1}.Debug|x64.ActiveCfg = Debug|Any CPU
		{0654838D-8339-45D1-9EF0-676138ABD4C1}.Debug|x64.Build.0 = Debug|Any CPU
		{0654838D-8339-45D1-9EF0-676138ABD4C1}.Debug|x86.ActiveCfg = Debug|Any CPU
		{0654838D-8339-45D1-9EF0-676138ABD4C1}.Debug|x86.Build.0 = Debug|Any CPU
		{0654838D-8339-45D1-9EF0-676138ABD4C1}.Release|Any CPU.ActiveCfg = Release|Any CPU
		{0654838D-8339-45D1-9EF0-676138ABD4C1}.Release|Any CPU.Build.0 = Release|Any CPU
		{0654838D-8339-45D1-9EF0-676138ABD4C1}.Release|x64.ActiveCfg = Release|Any CPU
		{0654838D-8339-45D1-9EF0-676138ABD4C1}.Release|x64.Build.0 = Release|Any CPU
		{0654838D-8339-45D1-9EF0-676138ABD4C1}.Release|x86.ActiveCfg = Release|Any CPU
		{0654838D-8339-45D1-9EF0-676138ABD4C1}.Release|x86.Build.0 = Release|Any CPU
	EndGlobalSection
	GlobalSection(SolutionProperties) = preSolution
		HideSolutionNode = FALSE
	EndGlobalSection
	GlobalSection(NestedProjects) = preSolution
		{BC969CC0-822B-430A-9DCC-3E8BCF2AEE65} = {827E0CD3-B72D-47B6-A68D-7590B98EB39B}
		{D9780FC8-7106-473D-9F4B-67776EF61177} = {0AB3BF05-4346-4AA6-1389-037BE0695223}
		{0654838D-8339-45D1-9EF0-676138ABD4C1} = {5D20AA90-6969-D8BD-9DCD-8634F4692FDA}
	EndGlobalSection
EndGlobal
